<?xml version="1.0" encoding="utf-8"?>
<Project ToolsVersion="4.0" xmlns="http://schemas.microsoft.com/developer/msbuild/2003">
  <ItemGroup>
    <Filter Include="Quelldateien">
      <UniqueIdentifier>{4FC737F1-C7A5-4376-A066-2A32D752A2FF}</UniqueIdentifier>
      <Extensions>cpp;c;cc;cxx;def;odl;idl;hpj;bat;asm;asmx</Extensions>
    </Filter>
    <Filter Include="Headerdateien">
      <UniqueIdentifier>{93995380-89BD-4b04-88EB-625FBE52EBFB}</UniqueIdentifier>
      <Extensions>h;hh;hpp;hxx;hm;inl;inc;xsd</Extensions>
    </Filter>
    <Filter Include="Ressourcendateien">
      <UniqueIdentifier>{67DA6AB6-F800-4c08-8B7A-83BB121AAD01}</UniqueIdentifier>
      <Extensions>rc;ico;cur;bmp;dlg;rc2;rct;bin;rgs;gif;jpg;jpeg;jpe;resx;tiff;tif;png;wav;mfcribbon-ms</Extensions>
    </Filter>
    <Filter Include="Ressourcendateien\Textures">
      <UniqueIdentifier>{6eac4e24-f25e-4d28-82ba-8a8f8060c62e}</UniqueIdentifier>
    </Filter>
    <Filter Include="Ressourcendateien\shader">
      <UniqueIdentifier>{25ce7557-68f5-431e-aa39-519a2f0f3afd}</UniqueIdentifier>
    </Filter>
  </ItemGroup>
  <ItemGroup>
    <ClInclude Include="NB_Utility.h">
      <Filter>Headerdateien</Filter>
    </ClInclude>
    <ClInclude Include="NB_Shader.h">
      <Filter>Headerdateien</Filter>
    </ClInclude>
    <ClInclude Include="NB_Display.h">
      <Filter>Headerdateien</Filter>
    </ClInclude>
    <ClInclude Include="NB_Mesh.h">
      <Filter>Headerdateien</Filter>
    </ClInclude>
    <ClInclude Include="NB_Texture.h">
      <Filter>Headerdateien</Filter>
    </ClInclude>
    <ClInclude Include="NB_Transformer.h">
      <Filter>Headerdateien</Filter>
    </ClInclude>
    <ClInclude Include="NB_Camera.h">
      <Filter>Headerdateien</Filter>
    </ClInclude>
    <ClInclude Include="NB_Object.h">
      <Filter>Headerdateien</Filter>
    </ClInclude>
    <ClInclude Include="NB_Test_Shader.h">
      <Filter>Headerdateien</Filter>
    </ClInclude>
  </ItemGroup>
  <ItemGroup>
    <ClCompile Include="main.cpp">
      <Filter>Quelldateien</Filter>
    </ClCompile>
    <ClCompile Include="NB_Utility.cpp">
      <Filter>Quelldateien</Filter>
    </ClCompile>
    <ClCompile Include="NB_Shader.cpp">
      <Filter>Quelldateien</Filter>
    </ClCompile>
    <ClCompile Include="NB_Display.cpp">
      <Filter>Quelldateien</Filter>
    </ClCompile>
    <ClCompile Include="NB_Mesh.cpp">
      <Filter>Quelldateien</Filter>
    </ClCompile>
    <ClCompile Include="Texture.cpp">
      <Filter>Quelldateien</Filter>
    </ClCompile>
    <ClCompile Include="Camera.cpp">
      <Filter>Quelldateien</Filter>
    </ClCompile>
    <ClCompile Include="NB_Object.cpp">
      <Filter>Quelldateien</Filter>
    </ClCompile>
    <ClCompile Include="NB_Test_Shader.cpp">
      <Filter>Quelldateien</Filter>
    </ClCompile>
  </ItemGroup>
  <ItemGroup>
    <Image Include="res\textures\example.png">
      <Filter>Ressourcendateien\Textures</Filter>
    </Image>
    <Image Include="res\textures\Holz.jpg">
      <Filter>Ressourcendateien\Textures</Filter>
    </Image>
    <Image Include="res\textures\Stein.jpg">
      <Filter>Ressourcendateien\Textures</Filter>
    </Image>
    <Image Include="res\textures\awesomeface.png">
      <Filter>Ressourcendateien\Textures</Filter>
    </Image>
    <Image Include="res\textures\wall.jpg">
      <Filter>Ressourcendateien\Textures</Filter>
    </Image>
  </ItemGroup>
  <ItemGroup>
    <None Include="res\shader\texture_shader.frag">
      <Filter>Ressourcendateien\shader</Filter>
    </None>
    <None Include="res\shader\texture_shader.vert">
      <Filter>Ressourcendateien\shader</Filter>
    </None>
    <None Include="res\shader\color_shader.frag">
      <Filter>Ressourcendateien\shader</Filter>
    </None>
    <None Include="res\shader\color_shader.vert">
      <Filter>Ressourcendateien\shader</Filter>
    </None>
    <None Include="res\shader\light_shader.frag">
      <Filter>Ressourcendateien\shader</Filter>
    </None>
    <None Include="res\shader\light_shader.vert">
      <Filter>Ressourcendateien\shader</Filter>
    </None>
  </ItemGroup>
</Project>