
Microsoft Visual Studio Solution File, Format Version 12.00
# Visual Studio 14
VisualStudioVersion = 14.0.24720.0
MinimumVisualStudioVersion = 10.0.40219.1
Project("{8BC9CEB8-8B4A-11D0-8D11-00A0C91BC942}") = "N2B Graphics", "N2B Graphics\N2B Graphics.vcxproj", "{CC61234A-DB7E-4534-AF68-83ADECC10F03}"
EndProject
Project("{8BC9CEB8-8B4A-11D0-8D11-00A0C91BC942}") = "N2B_Error_Log", "N2B_Error_Log\N2B_Error_Log.vcxproj", "{CBD631F2-D1EE-4B8D-8000-0EBD981506D4}"
EndProject
Project("{F088123C-0E9E-452A-89E6-6BA2F21D5CAC}") = "Modeling", "Modeling\Modeling.modelproj", "{8A3FF98A-ED04-43FE-8F83-DA6D3EEE8FC2}"
EndProject
Global
	GlobalSection(SolutionConfigurationPlatforms) = preSolution
		Debug|Any CPU = Debug|Any CPU
		Debug|x64 = Debug|x64
		Debug|x86 = Debug|x86
		Release|Any CPU = Release|Any CPU
		Release|x64 = Release|x64
		Release|x86 = Release|x86
	EndGlobalSection
	GlobalSection(ProjectConfigurationPlatforms) = postSolution
		{CC61234A-DB7E-4534-AF68-83ADECC10F03}.Debug|Any CPU.ActiveCfg = Debug|Win32
		{CC61234A-DB7E-4534-AF68-83ADECC10F03}.Debug|x64.ActiveCfg = Debug|x64
		{CC61234A-DB7E-4534-AF68-83ADECC10F03}.Debug|x64.Build.0 = Debug|x64
		{CC61234A-DB7E-4534-AF68-83ADECC10F03}.Debug|x86.ActiveCfg = Debug|Win32
		{CC61234A-DB7E-4534-AF68-83ADECC10F03}.Debug|x86.Build.0 = Debug|Win32
		{CC61234A-DB7E-4534-AF68-83ADECC10F03}.Release|Any CPU.ActiveCfg = Release|Win32
		{CC61234A-DB7E-4534-AF68-83ADECC10F03}.Release|x64.ActiveCfg = Release|x64
		{CC61234A-DB7E-4534-AF68-83ADECC10F03}.Release|x64.Build.0 = Release|x64
		{CC61234A-DB7E-4534-AF68-83ADECC10F03}.Release|x86.ActiveCfg = Release|Win32
		{CC61234A-DB7E-4534-AF68-83ADECC10F03}.Release|x86.Build.0 = Release|Win32
		{CBD631F2-D1EE-4B8D-8000-0EBD981506D4}.Debug|Any CPU.ActiveCfg = Debug|Win32
		{CBD631F2-D1EE-4B8D-8000-0EBD981506D4}.Debug|x64.ActiveCfg = Debug|x64
		{CBD631F2-D1EE-4B8D-8000-0EBD981506D4}.Debug|x64.Build.0 = Debug|x64
		{CBD631F2-D1EE-4B8D-8000-0EBD981506D4}.Debug|x86.ActiveCfg = Debug|Win32
		{CBD631F2-D1EE-4B8D-8000-0EBD981506D4}.Debug|x86.Build.0 = Debug|Win32
		{CBD631F2-D1EE-4B8D-8000-0EBD981506D4}.Release|Any CPU.ActiveCfg = Release|Win32
		{CBD631F2-D1EE-4B8D-8000-0EBD981506D4}.Release|x64.ActiveCfg = Release|x64
		{CBD631F2-D1EE-4B8D-8000-0EBD981506D4}.Release|x64.Build.0 = Release|x64
		{CBD631F2-D1EE-4B8D-8000-0EBD981506D4}.Release|x86.ActiveCfg = Release|Win32
		{CBD631F2-D1EE-4B8D-8000-0EBD981506D4}.Release|x86.Build.0 = Release|Win32
		{8A3FF98A-ED04-43FE-8F83-DA6D3EEE8FC2}.Debug|Any CPU.ActiveCfg = Debug|Any CPU
		{8A3FF98A-ED04-43FE-8F83-DA6D3EEE8FC2}.Debug|Any CPU.Build.0 = Debug|Any CPU
		{8A3FF98A-ED04-43FE-8F83-DA6D3EEE8FC2}.Debug|x64.ActiveCfg = Debug|Any CPU
		{8A3FF98A-ED04-43FE-8F83-DA6D3EEE8FC2}.Debug|x64.Build.0 = Debug|Any CPU
		{8A3FF98A-ED04-43FE-8F83-DA6D3EEE8FC2}.Debug|x86.ActiveCfg = Debug|Any CPU
		{8A3FF98A-ED04-43FE-8F83-DA6D3EEE8FC2}.Debug|x86.Build.0 = Debug|Any CPU
		{8A3FF98A-ED04-43FE-8F83-DA6D3EEE8FC2}.Release|Any CPU.ActiveCfg = Release|Any CPU
		{8A3FF98A-ED04-43FE-8F83-DA6D3EEE8FC2}.Release|Any CPU.Build.0 = Release|Any CPU
		{8A3FF98A-ED04-43FE-8F83-DA6D3EEE8FC2}.Release|x64.ActiveCfg = Release|Any CPU
		{8A3FF98A-ED04-43FE-8F83-DA6D3EEE8FC2}.Release|x64.Build.0 = Release|Any CPU
		{8A3FF98A-ED04-43FE-8F83-DA6D3EEE8FC2}.Release|x86.ActiveCfg = Release|Any CPU
		{8A3FF98A-ED04-43FE-8F83-DA6D3EEE8FC2}.Release|x86.Build.0 = Release|Any CPU
	EndGlobalSection
	GlobalSection(SolutionProperties) = preSolution
		HideSolutionNode = FALSE
	EndGlobalSection
EndGlobal
